{
  "name": "io-game-lib",
  "version": "1.0.0",
  "lockfileVersion": 1,
  "requires": true,
  "dependencies": {
    "@gamestdio/clock": {
      "version": "1.1.9",
      "resolved": "https://registry.npmjs.org/@gamestdio/clock/-/clock-1.1.9.tgz",
      "integrity": "sha1-d+wMAROR+7/ctPMhEkKVNv2GgMs="
    },
    "@gamestdio/signals": {
      "version": "1.0.0",
      "resolved": "https://registry.npmjs.org/@gamestdio/signals/-/signals-1.0.0.tgz",
      "integrity": "sha512-EPWA3IkJ+xDT1K/xV53m5N4h/g4qzpf4NG6GustZLT1wp3T59YPonGQ9LLl3+YMNwSNj0yawX4wUpOnuQJ96Ug=="
    },
    "@gamestdio/state-listener": {
      "version": "3.1.0",
      "resolved": "https://registry.npmjs.org/@gamestdio/state-listener/-/state-listener-3.1.0.tgz",
      "integrity": "sha512-FEKarKXEeXvCrzilFw9ANOxKkdtFfHXYqJNCaYEhTV+13x02o7HXDFetJAoQCAT9AVgiHUd3Ylo5mOukAegPoA=="
    },
    "@gamestdio/websocket": {
      "version": "0.3.2",
      "resolved": "https://registry.npmjs.org/@gamestdio/websocket/-/websocket-0.3.2.tgz",
      "integrity": "sha512-J3n5SKim+ZoLbe44hRGI/VYAwSMCeIJuBy+FfP6EZaujEpNchPRFcIsVQLWAwpU1bP2Ji63rC+rEUOd1vjUB6Q=="
    },
    "colyseus.js": {
      "version": "0.9.16",
      "resolved": "https://registry.npmjs.org/colyseus.js/-/colyseus.js-0.9.16.tgz",
      "integrity": "sha512-UZQismI87nFOshlglaBv3npem2QkWcw/Lu770CTJUit18BZLmNxVvF8S+7FpZP2Ro3RV2qDdr2llZL607E8iyw==",
      "requires": {
        "@gamestdio/clock": "^1.1.0",
        "@gamestdio/signals": "^1.0.0",
        "@gamestdio/state-listener": "^3.1.0",
        "@gamestdio/websocket": "^0.3.0",
        "fossil-delta": "^1.0.0",
        "notepack.io": "^2.1.3"
      }
    },
    "fossil-delta": {
      "version": "1.0.2",
      "resolved": "https://registry.npmjs.org/fossil-delta/-/fossil-delta-1.0.2.tgz",
      "integrity": "sha512-fkgQUnBaJjhDq0DN1ajBlWWRH99NQgwVoReMEr0oXLqYXAx8X9mD5gGaoTYDdVVbLJYsMNrnkJ028Ld0UgWrGA=="
    },
    "notepack.io": {
      "version": "2.3.0",
      "resolved": "https://registry.npmjs.org/notepack.io/-/notepack.io-2.3.0.tgz",
      "integrity": "sha512-9RiFDxeydHsWOqdthRUck2Kd4UW2NzVd2xxOulZiQ9mvge6ElsHXLpwD3HEJyql6sFEnEn/eMO7HSdS0M5mWkA=="
    }
  }
}
